
Microsoft Visual Studio Solution File, Format Version 12.00
# Visual Studio Version 17
VisualStudioVersion = 17.5.33424.131
MinimumVisualStudioVersion = 10.0.40219.1
Project("{FAE04EC0-301F-11D3-BF4B-00C04F79EFBC}") = "BackEnd", "BackEnd\BackEnd.csproj", "{7CE7A7FB-530A-4C05-8063-B5CDCA101407}"
EndProject
Global
	GlobalSection(SolutionConfigurationPlatforms) = preSolution
		Debug|Any CPU = Debug|Any CPU
		Release|Any CPU = Release|Any CPU
	EndGlobalSection
	GlobalSection(ProjectConfigurationPlatforms) = postSolution
		{7CE7A7FB-530A-4C05-8063-B5CDCA101407}.Debug|Any CPU.ActiveCfg = Debug|Any CPU
		{7CE7A7FB-530A-4C05-8063-B5CDCA101407}.Debug|Any CPU.Build.0 = Debug|Any CPU
		{7CE7A7FB-530A-4C05-8063-B5CDCA101407}.Release|Any CPU.ActiveCfg = Release|Any CPU
		{7CE7A7FB-530A-4C05-8063-B5CDCA101407}.Release|Any CPU.Build.0 = Release|Any CPU
	EndGlobalSection
	GlobalSection(SolutionProperties) = preSolution
		HideSolutionNode = FALSE
	EndGlobalSection
	GlobalSection(ExtensibilityGlobals) = postSolution
		SolutionGuid = {0EC0B782-972D-4E78-995E-5DE9C59BED49}
	EndGlobalSection
EndGlobal
